{
  "name": "晚会",
  "lockfileVersion": 3,
  "requires": true,
  "packages": {
    "": {
      "dependencies": {
        "mui-player": "^1.8.1"
      }
    },
    "node_modules/mui-player": {
      "version": "1.8.1",
      "resolved": "https://registry.npmmirror.com/mui-player/-/mui-player-1.8.1.tgz",
      "integrity": "sha512-5o0SnSyVImxT9XUO6jCMmcJ+ZyAEJeFvdeZDHHPNS/LdwhzWX4yQPNgx8nzRbcUJ749xpqEQ6uVddiexLyvvqg==",
      "license": "GPL-3.0"
    }
  }
}
